{
  "name": "libs",
  "version": "1.0.0",
  "lockfileVersion": 3,
  "requires": true,
  "packages": {
    "": {
      "name": "libs",
      "version": "1.0.0",
      "license": "MIT",
      "dependencies": {
        "@intenttechnologies/url-cleaner": "^1.0.0"
      }
    },
    "node_modules/@intenttechnologies/url-cleaner": {
      "version": "1.0.0",
      "resolved": "https://npm.pkg.github.com/download/@intenttechnologies/url-cleaner/1.0.0/38c269a05518162b0197e785e3203d1a72c04591",
      "integrity": "sha512-xxHBjMhplhPEId+c58SSk8rxiwZvsN3oHmrISuxsG3ogNxYewoouWd0qr18Paw0ujizh77sn0kahgoDrwMsudA==",
      "dependencies": {
        "psl": "^1.9.0",
        "yurl": "^4.0.1"
      }
    },
    "node_modules/psl": {
      "version": "1.9.0",
      "resolved": "https://registry.npmjs.org/psl/-/psl-1.9.0.tgz",
      "integrity": "sha512-E/ZsdU4HLs/68gYzgGTkMicWTLPdAftJLfJFlLUAAKZGkStNU72sZjT66SnMDVOfOWY/YAoiD7Jxa9iHvngcag=="
    },
    "node_modules/yurl": {
      "version": "4.0.1",
      "resolved": "https://registry.npmjs.org/yurl/-/yurl-4.0.1.tgz",
      "integrity": "sha512-n525LX/fJnmHyaijfgRseL225Etwd1GlWYaE4PFuX/JVFRA/Y7L/weSQzjVRVefonV0spVmZPwLVaoxnKNV3YQ==",
      "engines": {
        "node": ">= 12.0.0"
      }
    }
  }
}
